Microsoft Visual Studio Solution File, Format Version 11.00
# Visual Studio 2008

Project("{6E33C81F-BFDF-1F17-B110-D1F0DD7E0840}") = "BhinderjitSinghKaler", "Assembly-CSharp.csproj", "{938C27C1-68DC-287A-31C7-744E47A69C90}"
EndProject
Global
	GlobalSection(SolutionConfigurationPlatforms) = preSolution
		Debug|Any CPU = Debug|Any CPU
		Release|Any CPU = Release|Any CPU
	EndGlobalSection
	GlobalSection(ProjectConfigurationPlatforms) = postSolution
		{938C27C1-68DC-287A-31C7-744E47A69C90}.Debug|Any CPU.ActiveCfg = Debug|Any CPU
		{938C27C1-68DC-287A-31C7-744E47A69C90}.Debug|Any CPU.Build.0 = Debug|Any CPU
		{938C27C1-68DC-287A-31C7-744E47A69C90}.Release|Any CPU.ActiveCfg = Release|Any CPU
		{938C27C1-68DC-287A-31C7-744E47A69C90}.Release|Any CPU.Build.0 = Release|Any CPU
	EndGlobalSection
	GlobalSection(SolutionProperties) = preSolution
		HideSolutionNode = FALSE
	EndGlobalSection
																																												GlobalSection(MonoDevelopProperties) = preSolution
		StartupItem = Assembly-CSharp.csproj
	EndGlobalSection

EndGlobal
